
Microsoft Visual Studio Solution File, Format Version 12.00
# Visual Studio Version 17
VisualStudioVersion = 17.0.32126.317
MinimumVisualStudioVersion = 10.0.40219.1
Project("{FAE04EC0-301F-11D3-BF4B-00C04F79EFBC}") = "ReadDataSerialPort", "ReadDataSerialPort\ReadDataSerialPort.csproj", "{B3458E74-CCEB-431D-B0C4-3D34C8AA131C}"
EndProject
Global
	GlobalSection(SolutionConfigurationPlatforms) = preSolution
		Debug|Any CPU = Debug|Any CPU
		Release|Any CPU = Release|Any CPU
	EndGlobalSection
	GlobalSection(ProjectConfigurationPlatforms) = postSolution
		{B3458E74-CCEB-431D-B0C4-3D34C8AA131C}.Debug|Any CPU.ActiveCfg = Debug|Any CPU
		{B3458E74-CCEB-431D-B0C4-3D34C8AA131C}.Debug|Any CPU.Build.0 = Debug|Any CPU
		{B3458E74-CCEB-431D-B0C4-3D34C8AA131C}.Release|Any CPU.ActiveCfg = Release|Any CPU
		{B3458E74-CCEB-431D-B0C4-3D34C8AA131C}.Release|Any CPU.Build.0 = Release|Any CPU
	EndGlobalSection
	GlobalSection(SolutionProperties) = preSolution
		HideSolutionNode = FALSE
	EndGlobalSection
	GlobalSection(ExtensibilityGlobals) = postSolution
		SolutionGuid = {A392F298-E547-4074-8FF7-29811FB547AF}
	EndGlobalSection
EndGlobal
